
Microsoft Visual Studio Solution File, Format Version 12.00
# Visual Studio 2012
Project("{FAE04EC0-301F-11D3-BF4B-00C04F79EFBC}") = "helloWorldXamarin", "helloWorldXamarin\helloWorldXamarin.csproj", "{34AF9F62-1C8F-4D4D-9152-F74BF271F63D}"
EndProject
Project("{FAE04EC0-301F-11D3-BF4B-00C04F79EFBC}") = "helloWorldXamarin.iOS", "iOS\helloWorldXamarin.iOS.csproj", "{7BC93C62-39D8-452A-AD70-43726959C6EE}"
EndProject
Project("{FAE04EC0-301F-11D3-BF4B-00C04F79EFBC}") = "helloWorldXamarin.Droid", "Droid\helloWorldXamarin.Droid.csproj", "{EA6BD7B6-0978-4C13-A7A8-1A1ECBDEFD0E}"
EndProject
Global
	GlobalSection(SolutionConfigurationPlatforms) = preSolution
		Debug|Any CPU = Debug|Any CPU
		Release|Any CPU = Release|Any CPU
		Debug|iPhoneSimulator = Debug|iPhoneSimulator
		Release|iPhone = Release|iPhone
		Release|iPhoneSimulator = Release|iPhoneSimulator
		Debug|iPhone = Debug|iPhone
	EndGlobalSection
	GlobalSection(ProjectConfigurationPlatforms) = postSolution
		{34AF9F62-1C8F-4D4D-9152-F74BF271F63D}.Debug|Any CPU.ActiveCfg = Debug|Any CPU
		{34AF9F62-1C8F-4D4D-9152-F74BF271F63D}.Debug|Any CPU.Build.0 = Debug|Any CPU
		{34AF9F62-1C8F-4D4D-9152-F74BF271F63D}.Release|Any CPU.ActiveCfg = Release|Any CPU
		{34AF9F62-1C8F-4D4D-9152-F74BF271F63D}.Release|Any CPU.Build.0 = Release|Any CPU
		{34AF9F62-1C8F-4D4D-9152-F74BF271F63D}.Debug|iPhoneSimulator.ActiveCfg = Debug|Any CPU
		{34AF9F62-1C8F-4D4D-9152-F74BF271F63D}.Debug|iPhoneSimulator.Build.0 = Debug|Any CPU
		{34AF9F62-1C8F-4D4D-9152-F74BF271F63D}.Release|iPhone.ActiveCfg = Release|Any CPU
		{34AF9F62-1C8F-4D4D-9152-F74BF271F63D}.Release|iPhone.Build.0 = Release|Any CPU
		{34AF9F62-1C8F-4D4D-9152-F74BF271F63D}.Release|iPhoneSimulator.ActiveCfg = Release|Any CPU
		{34AF9F62-1C8F-4D4D-9152-F74BF271F63D}.Release|iPhoneSimulator.Build.0 = Release|Any CPU
		{34AF9F62-1C8F-4D4D-9152-F74BF271F63D}.Debug|iPhone.ActiveCfg = Debug|Any CPU
		{34AF9F62-1C8F-4D4D-9152-F74BF271F63D}.Debug|iPhone.Build.0 = Debug|Any CPU
		{7BC93C62-39D8-452A-AD70-43726959C6EE}.Debug|Any CPU.ActiveCfg = Debug|iPhoneSimulator
		{7BC93C62-39D8-452A-AD70-43726959C6EE}.Debug|Any CPU.Build.0 = Debug|iPhoneSimulator
		{7BC93C62-39D8-452A-AD70-43726959C6EE}.Release|Any CPU.ActiveCfg = Release|iPhone
		{7BC93C62-39D8-452A-AD70-43726959C6EE}.Release|Any CPU.Build.0 = Release|iPhone
		{7BC93C62-39D8-452A-AD70-43726959C6EE}.Debug|iPhoneSimulator.ActiveCfg = Debug|iPhoneSimulator
		{7BC93C62-39D8-452A-AD70-43726959C6EE}.Debug|iPhoneSimulator.Build.0 = Debug|iPhoneSimulator
		{7BC93C62-39D8-452A-AD70-43726959C6EE}.Release|iPhone.ActiveCfg = Release|iPhone
		{7BC93C62-39D8-452A-AD70-43726959C6EE}.Release|iPhone.Build.0 = Release|iPhone
		{7BC93C62-39D8-452A-AD70-43726959C6EE}.Release|iPhoneSimulator.ActiveCfg = Release|iPhoneSimulator
		{7BC93C62-39D8-452A-AD70-43726959C6EE}.Release|iPhoneSimulator.Build.0 = Release|iPhoneSimulator
		{7BC93C62-39D8-452A-AD70-43726959C6EE}.Debug|iPhone.ActiveCfg = Debug|iPhone
		{7BC93C62-39D8-452A-AD70-43726959C6EE}.Debug|iPhone.Build.0 = Debug|iPhone
		{EA6BD7B6-0978-4C13-A7A8-1A1ECBDEFD0E}.Debug|Any CPU.ActiveCfg = Debug|Any CPU
		{EA6BD7B6-0978-4C13-A7A8-1A1ECBDEFD0E}.Debug|Any CPU.Build.0 = Debug|Any CPU
		{EA6BD7B6-0978-4C13-A7A8-1A1ECBDEFD0E}.Release|Any CPU.ActiveCfg = Release|Any CPU
		{EA6BD7B6-0978-4C13-A7A8-1A1ECBDEFD0E}.Release|Any CPU.Build.0 = Release|Any CPU
		{EA6BD7B6-0978-4C13-A7A8-1A1ECBDEFD0E}.Debug|iPhoneSimulator.ActiveCfg = Debug|Any CPU
		{EA6BD7B6-0978-4C13-A7A8-1A1ECBDEFD0E}.Debug|iPhoneSimulator.Build.0 = Debug|Any CPU
		{EA6BD7B6-0978-4C13-A7A8-1A1ECBDEFD0E}.Release|iPhone.ActiveCfg = Release|Any CPU
		{EA6BD7B6-0978-4C13-A7A8-1A1ECBDEFD0E}.Release|iPhone.Build.0 = Release|Any CPU
		{EA6BD7B6-0978-4C13-A7A8-1A1ECBDEFD0E}.Release|iPhoneSimulator.ActiveCfg = Release|Any CPU
		{EA6BD7B6-0978-4C13-A7A8-1A1ECBDEFD0E}.Release|iPhoneSimulator.Build.0 = Release|Any CPU
		{EA6BD7B6-0978-4C13-A7A8-1A1ECBDEFD0E}.Debug|iPhone.ActiveCfg = Debug|Any CPU
		{EA6BD7B6-0978-4C13-A7A8-1A1ECBDEFD0E}.Debug|iPhone.Build.0 = Debug|Any CPU
	EndGlobalSection
EndGlobal
